{
  "name": "Quickly",
  "lockfileVersion": 3,
  "requires": true,
  "packages": {
    "": {
      "dependencies": {
        "darkreader": "^4.9.120",
        "react-icons": "^4.12.0"
      }
    },
    "node_modules/@rollup/rollup-linux-x64-gnu": {
      "version": "4.56.0",
      "resolved": "https://registry.npmjs.org/@rollup/rollup-linux-x64-gnu/-/rollup-linux-x64-gnu-4.56.0.tgz",
      "integrity": "sha512-MVC6UDp16ZSH7x4rtuJPAEoE1RwS8N4oK9DLHy3FTEdFoUTCFVzMfJl/BVJ330C+hx8FfprA5Wqx4FhZXkj2Kw==",
      "cpu": [
        "x64"
      ],
      "license": "MIT",
      "optional": true,
      "os": [
        "linux"
      ]
    },
    "node_modules/@rollup/rollup-win32-x64-msvc": {
      "version": "4.56.0",
      "resolved": "https://registry.npmjs.org/@rollup/rollup-win32-x64-msvc/-/rollup-win32-x64-msvc-4.56.0.tgz",
      "integrity": "sha512-H8AE9Ur/t0+1VXujj90w0HrSOuv0Nq9r1vSZF2t5km20NTfosQsGGUXDaKdQZzwuLts7IyL1fYT4hM95TI9c4g==",
      "cpu": [
        "x64"
      ],
      "license": "MIT",
      "optional": true,
      "os": [
        "win32"
      ]
    },
    "node_modules/darkreader": {
      "version": "4.9.120",
      "resolved": "https://registry.npmjs.org/darkreader/-/darkreader-4.9.120.tgz",
      "integrity": "sha512-BYjP9rsFzwtO2KDXfzqGZHBfo9LAp7azyRR4UIj0/n8uls0C0J08Rhh5g05BZU/CARvDmMf+LQXM9PoPxO1M4A==",
      "license": "MIT",
      "dependencies": {
        "malevic": "0.20.2"
      },
      "funding": {
        "type": "opencollective",
        "url": "https://opencollective.com/darkreader/donate"
      },
      "optionalDependencies": {
        "@rollup/rollup-linux-x64-gnu": "4.56.0",
        "@rollup/rollup-win32-x64-msvc": "4.56.0"
      }
    },
    "node_modules/malevic": {
      "version": "0.20.2",
      "resolved": "https://registry.npmjs.org/malevic/-/malevic-0.20.2.tgz",
      "integrity": "sha512-s44yEUyfDaONt7nPT7NDQ+Z2oAswErG70ok2Q95bJFh1Bdcn4dZQVMrLE02ZIjTtYfQ/LFOVxF+yB3bdGw/GtQ==",
      "license": "MIT"
    },
    "node_modules/react": {
      "version": "19.2.4",
      "resolved": "https://registry.npmjs.org/react/-/react-19.2.4.tgz",
      "integrity": "sha512-9nfp2hYpCwOjAN+8TZFGhtWEwgvWHXqESH8qT89AT/lWklpLON22Lc8pEtnpsZz7VmawabSU0gCjnj8aC0euHQ==",
      "license": "MIT",
      "peer": true,
      "engines": {
        "node": ">=0.10.0"
      }
    },
    "node_modules/react-icons": {
      "version": "4.12.0",
      "resolved": "https://registry.npmjs.org/react-icons/-/react-icons-4.12.0.tgz",
      "integrity": "sha512-IBaDuHiShdZqmfc/TwHu6+d6k2ltNCf3AszxNmjJc1KUfXdEeRJOKyNvLmAHaarhzGmTSVygNdyu8/opXv2gaw==",
      "license": "MIT",
      "peerDependencies": {
        "react": "*"
      }
    }
  }
}
